// !$*UTF8*$!
{
	archiveVersion = 1;
	classes = {
	};
	objectVersion = 50;
	objects = {

/* Begin PBXBuildFile section */
		B56F2B24221A195300D6C931 /* AppDelegate.swift in Sources */ = {isa = PBXBuildFile; fileRef = B56F2B23221A195300D6C931 /* AppDelegate.swift */; };
		B56F2B26221A195300D6C931 /* ViewController.swift in Sources */ = {isa = PBXBuildFile; fileRef = B56F2B25221A195300D6C931 /* ViewController.swift */; };
		B56F2B29221A195300D6C931 /* Main.storyboard in Resources */ = {isa = PBXBuildFile; fileRef = B56F2B27221A195300D6C931 /* Main.storyboard */; };
		B56F2B2B221A195500D6C931 /* Assets.xcassets in Resources */ = {isa = PBXBuildFile; fileRef = B56F2B2A221A195500D6C931 /* Assets.xcassets */; };
		B56F2B2E221A195500D6C931 /* LaunchScreen.storyboard in Resources */ = {isa = PBXBuildFile; fileRef = B56F2B2C221A195500D6C931 /* LaunchScreen.storyboard */; };
		B56F2B36221A408800D6C931 /* SeatCollectionViewController.swift in Sources */ = {isa = PBXBuildFile; fileRef = B56F2B35221A408800D6C931 /* SeatCollectionViewController.swift */; };
		B56F2B38221A411200D6C931 /* Seat.swift in Sources */ = {isa = PBXBuildFile; fileRef = B56F2B37221A411200D6C931 /* Seat.swift */; };
		B56F2B3A221A438800D6C931 /* SeatCollectionViewCell.swift in Sources */ = {isa = PBXBuildFile; fileRef = B56F2B39221A438800D6C931 /* SeatCollectionViewCell.swift */; };
/* End PBXBuildFile section */

/* Begin PBXFileReference section */
		B56F2B20221A195300D6C931 /* blueHouse.app */ = {isa = PBXFileReference; explicitFileType = wrapper.application; includeInIndex = 0; path = blueHouse.app; sourceTree = BUILT_PRODUCTS_DIR; };
		B56F2B23221A195300D6C931 /* AppDelegate.swift */ = {isa = PBXFileReference; lastKnownFileType = sourcecode.swift; path = AppDelegate.swift; sourceTree = "<group>"; };
		B56F2B25221A195300D6C931 /* ViewController.swift */ = {isa = PBXFileReference; lastKnownFileType = sourcecode.swift; path = ViewController.swift; sourceTree = "<group>"; };
		B56F2B28221A195300D6C931 /* Base */ = {isa = PBXFileReference; lastKnownFileType = file.storyboard; name = Base; path = Base.lproj/Main.storyboard; sourceTree = "<group>"; };
		B56F2B2A221A195500D6C931 /* Assets.xcassets */ = {isa = PBXFileReference; lastKnownFileType = folder.assetcatalog; path = Assets.xcassets; sourceTree = "<group>"; };
		B56F2B2D221A195500D6C931 /* Base */ = {isa = PBXFileReference; lastKnownFileType = file.storyboard; name = Base; path = Base.lproj/LaunchScreen.storyboard; sourceTree = "<group>"; };
		B56F2B2F221A195500D6C931 /* Info.plist */ = {isa = PBXFileReference; lastKnownFileType = text.plist.xml; path = Info.plist; sourceTree = "<group>"; };
		B56F2B35221A408800D6C931 /* SeatCollectionViewController.swift */ = {isa = PBXFileReference; lastKnownFileType = sourcecode.swift; path = SeatCollectionViewController.swift; sourceTree = "<group>"; };
		B56F2B37221A411200D6C931 /* Seat.swift */ = {isa = PBXFileReference; lastKnownFileType = sourcecode.swift; path = Seat.swift; sourceTree = "<group>"; };
		B56F2B39221A438800D6C931 /* SeatCollectionViewCell.swift */ = {isa = PBXFileReference; lastKnownFileType = sourcecode.swift; path = SeatCollectionViewCell.swift; sourceTree = "<group>"; };
/* End PBXFileReference section */

/* Begin PBXFrameworksBuildPhase section */
		B56F2B1D221A195300D6C931 /* Frameworks */ = {
			isa = PBXFrameworksBuildPhase;
			buildActionMask = 2147483647;
			files = (
			);
			runOnlyForDeploymentPostprocessing = 0;
		};
/* End PBXFrameworksBuildPhase section */

/* Begin PBXGroup section */
		B56F2B17221A195300D6C931 = {
			isa = PBXGroup;
			children = (
				B56F2B22221A195300D6C931 /* blueHouse */,
				B56F2B21221A195300D6C931 /* Products */,
			);
			sourceTree = "<group>";
		};
		B56F2B21221A195300D6C931 /* Products */ = {
			isa = PBXGroup;
			children = (
				B56F2B20221A195300D6C931 /* blueHouse.app */,
			);
			name = Products;
			sourceTree = "<group>";
		};
		B56F2B22221A195300D6C931 /* blueHouse */ = {
			isa = PBXGroup;
			children = (
				B56F2B23221A195300D6C931 /* AppDelegate.swift */,
				B56F2B25221A195300D6C931 /* ViewController.swift */,
				B56F2B37221A411200D6C931 /* Seat.swift */,
				B56F2B39221A438800D6C931 /* SeatCollectionViewCell.swift */,
				B56F2B35221A408800D6C931 /* SeatCollectionViewController.swift */,
				B56F2B27221A195300D6C931 /* Main.storyboard */,
				B56F2B2A221A195500D6C931 /* Assets.xcassets */,
				B56F2B2C221A195500D6C931 /* LaunchScreen.storyboard */,
				B56F2B2F221A195500D6C931 /* Info.plist */,
			);
			path = blueHouse;
			sourceTree = "<group>";
		};
/* End PBXGroup section */

/* Begin PBXNativeTarget section */
		B56F2B1F221A195300D6C931 /* blueHouse */ = {
			isa = PBXNativeTarget;
			buildConfigurationList = B56F2B32221A195500D6C931 /* Build configuration list for PBXNativeTarget "blueHouse" */;
			buildPhases = (
				B56F2B1C221A195300D6C931 /* Sources */,
				B56F2B1D221A195300D6C931 /* Frameworks */,
				B56F2B1E221A195300D6C931 /* Resources */,
			);
			buildRules = (
			);
			dependencies = (
			);
			name = blueHouse;
			productName = blueHouse;
			productReference = B56F2B20221A195300D6C931 /* blueHouse.app */;
			productType = "com.apple.product-type.application";
		};
/* End PBXNativeTarget section */

/* Begin PBXProject section */
		B56F2B18221A195300D6C931 /* Project object */ = {
			isa = PBXProject;
			attributes = {
				LastSwiftUpdateCheck = 0940;
				LastUpgradeCheck = 0940;
				ORGANIZATIONNAME = theswiftproject;
				TargetAttributes = {
					B56F2B1F221A195300D6C931 = {
						CreatedOnToolsVersion = 9.4;
					};
				};
			};
			buildConfigurationList = B56F2B1B221A195300D6C931 /* Build configuration list for PBXProject "blueHouse" */;
			compatibilityVersion = "Xcode 9.3";
			developmentRegion = en;
			hasScannedForEncodings = 0;
			knownRegions = (
				en,
				Base,
			);
			mainGroup = B56F2B17221A195300D6C931;
			productRefGroup = B56F2B21221A195300D6C931 /* Products */;
			projectDirPath = "";
			projectRoot = "";
			targets = (
				B56F2B1F221A195300D6C931 /* blueHouse */,
			);
		};
/* End PBXProject section */

/* Begin PBXResourcesBuildPhase section */
		B56F2B1E221A195300D6C931 /* Resources */ = {
			isa = PBXResourcesBuildPhase;
			buildActionMask = 2147483647;
			files = (
				B56F2B2E221A195500D6C931 /* LaunchScreen.storyboard in Resources */,
				B56F2B2B221A195500D6C931 /* Assets.xcassets in Resources */,
				B56F2B29221A195300D6C931 /* Main.storyboard in Resources */,
			);
			runOnlyForDeploymentPostprocessing = 0;
		};
/* End PBXResourcesBuildPhase section */

/* Begin PBXSourcesBuildPhase section */
		B56F2B1C221A195300D6C931 /* Sources */ = {
			isa = PBXSourcesBuildPhase;
			buildActionMask = 2147483647;
			files = (
				B56F2B3A221A438800D6C931 /* SeatCollectionViewCell.swift in Sources */,
				B56F2B36221A408800D6C931 /* SeatCollectionViewController.swift in Sources */,
				B56F2B26221A195300D6C931 /* ViewController.swift in Sources */,
				B56F2B38221A411200D6C931 /* Seat.swift in Sources */,
				B56F2B24221A195300D6C931 /* AppDelegate.swift in Sources */,
			);
			runOnlyForDeploymentPostprocessing = 0;
		};
/* End PBXSourcesBuildPhase section */

/* Begin PBXVariantGroup section */
		B56F2B27221A195300D6C931 /* Main.storyboard */ = {
			isa = PBXVariantGroup;
			children = (
				B56F2B28221A195300D6C931 /* Base */,
			);
			name = Main.storyboard;
			sourceTree = "<group>";
		};
		B56F2B2C221A195500D6C931 /* LaunchScreen.storyboard */ = {
			isa = PBXVariantGroup;
			children = (
				B56F2B2D221A195500D6C931 /* Base */,
			);
			name = LaunchScreen.storyboard;
			sourceTree = "<group>";
		};
/* End PBXVariantGroup section */

/* Begin XCBuildConfiguration section */
		B56F2B30221A195500D6C931 /* Debug */ = {
			isa = XCBuildConfiguration;
			buildSettings = {
				ALWAYS_SEARCH_USER_PATHS = NO;
				CLANG_ANALYZER_NONNULL = YES;
				CLANG_ANALYZER_NUMBER_OBJECT_CONVERSION = YES_AGGRESSIVE;
				CLANG_CXX_LANGUAGE_STANDARD = "gnu++14";
				CLANG_CXX_LIBRARY = "libc++";
				CLANG_ENABLE_MODULES = YES;
				CLANG_ENABLE_OBJC_ARC = YES;
				CLANG_ENABLE_OBJC_WEAK = YES;
				CLANG_WARN_BLOCK_CAPTURE_AUTORELEASING = YES;
				CLANG_WARN_BOOL_CONVERSION = YES;
				CLANG_WARN_COMMA = YES;
				CLANG_WARN_CONSTANT_CONVERSION = YES;
				CLANG_WARN_DEPRECATED_OBJC_IMPLEMENTATIONS = YES;
				CLANG_WARN_DIRECT_OBJC_ISA_USAGE = YES_ERROR;
				CLANG_WARN_DOCUMENTATION_COMMENTS = YES;
				CLANG_WARN_EMPTY_BODY = YES;
				CLANG_WARN_ENUM_CONVERSION = YES;
				CLANG_WARN_INFINITE_RECURSION = YES;
				CLANG_WARN_INT_CONVERSION = YES;
				CLANG_WARN_NON_LITERAL_NULL_CONVERSION = YES;
				CLANG_WARN_OBJC_IMPLICIT_RETAIN_SELF = YES;
				CLANG_WARN_OBJC_LITERAL_CONVERSION = YES;
				CLANG_WARN_OBJC_ROOT_CLASS = YES_ERROR;
				CLANG_WARN_RANGE_LOOP_ANALYSIS = YES;
				CLANG_WARN_STRICT_PROTOTYPES = YES;
				CLANG_WARN_SUSPICIOUS_MOVE = YES;
				CLANG_WARN_UNGUARDED_AVAILABILITY = YES_AGGRESSIVE;
				CLANG_WARN_UNREACHABLE_CODE = YES;
				CLANG_WARN__DUPLICATE_METHOD_MATCH = YES;
				CODE_SIGN_IDENTITY = "iPhone Developer";
				COPY_PHASE_STRIP = NO;
				DEBUG_INFORMATION_FORMAT = dwarf;
				ENABLE_STRICT_OBJC_MSGSEND = YES;
				ENABLE_TESTABILITY = YES;
				GCC_C_LANGUAGE_STANDARD = gnu11;
				GCC_DYNAMIC_NO_PIC = NO;
				GCC_NO_COMMON_BLOCKS = YES;
				GCC_OPTIMIZATION_LEVEL = 0;
				GCC_PREPROCESSOR_DEFINITIONS = (
					"DEBUG=1",
					"$(inherited)",
				);
				GCC_WARN_64_TO_32_BIT_CONVERSION = YES;
				GCC_WARN_ABOUT_RETURN_TYPE = YES_ERROR;
				GCC_WARN_UNDECLARED_SELECTOR = YES;
				GCC_WARN_UNINITIALIZED_AUTOS = YES_AGGRESSIVE;
				GCC_WARN_UNUSED_FUNCTION = YES;
				GCC_WARN_UNUSED_VARIABLE = YES;
				IPHONEOS_DEPLOYMENT_TARGET = 11.4;
				MTL_ENABLE_DEBUG_INFO = YES;
				ONLY_ACTIVE_ARCH = YES;
				SDKROOT = iphoneos;
				SWIFT_ACTIVE_COMPILATION_CONDITIONS = DEBUG;
				SWIFT_OPTIMIZATION_LEVEL = "-Onone";
			};
			name = Debug;
		};
		B56F2B31221A195500D6C931 /* Release */ = {
			isa = XCBuildConfiguration;
			buildSettings = {
				ALWAYS_SEARCH_USER_PATHS = NO;
				CLANG_ANALYZER_NONNULL = YES;
				CLANG_ANALYZER_NUMBER_OBJECT_CONVERSION = YES_AGGRESSIVE;
				CLANG_CXX_LANGUAGE_STANDARD = "gnu++14";
				CLANG_CXX_LIBRARY = "libc++";
				CLANG_ENABLE_MODULES = YES;
				CLANG_ENABLE_OBJC_ARC = YES;
				CLANG_ENABLE_OBJC_WEAK = YES;
				CLANG_WARN_BLOCK_CAPTURE_AUTORELEASING = YES;
				CLANG_WARN_BOOL_CONVERSION = YES;
				CLANG_WARN_COMMA = YES;
				CLANG_WARN_CONSTANT_CONVERSION = YES;
				CLANG_WARN_DEPRECATED_OBJC_IMPLEMENTATIONS = YES;
				CLANG_WARN_DIRECT_OBJC_ISA_USAGE = YES_ERROR;
				CLANG_WARN_DOCUMENTATION_COMMENTS = YES;
				CLANG_WARN_EMPTY_BODY = YES;
				CLANG_WARN_ENUM_CONVERSION = YES;
				CLANG_WARN_INFINITE_RECURSION = YES;
				CLANG_WARN_INT_CONVERSION = YES;
				CLANG_WARN_NON_LITERAL_NULL_CONVERSION = YES;
				CLANG_WARN_OBJC_IMPLICIT_RETAIN_SELF = YES;
				CLANG_WARN_OBJC_LITERAL_CONVERSION = YES;
				CLANG_WARN_OBJC_ROOT_CLASS = YES_ERROR;
				CLANG_WARN_RANGE_LOOP_ANALYSIS = YES;
				CLANG_WARN_STRICT_PROTOTYPES = YES;
				CLANG_WARN_SUSPICIOUS_MOVE = YES;
				CLANG_WARN_UNGUARDED_AVAILABILITY = YES_AGGRESSIVE;
				CLANG_WARN_UNREACHABLE_CODE = YES;
				CLANG_WARN__DUPLICATE_METHOD_MATCH = YES;
				CODE_SIGN_IDENTITY = "iPhone Developer";
				COPY_PHASE_STRIP = NO;
				DEBUG_INFORMATION_FORMAT = "dwarf-with-dsym";
				ENABLE_NS_ASSERTIONS = NO;
				ENABLE_STRICT_OBJC_MSGSEND = YES;
				GCC_C_LANGUAGE_STANDARD = gnu11;
				GCC_NO_COMMON_BLOCKS = YES;
				GCC_WARN_64_TO_32_BIT_CONVERSION = YES;
				GCC_WARN_ABOUT_RETURN_TYPE = YES_ERROR;
				GCC_WARN_UNDECLARED_SELECTOR = YES;
				GCC_WARN_UNINITIALIZED_AUTOS = YES_AGGRESSIVE;
				GCC_WARN_UNUSED_FUNCTION = YES;
				GCC_WARN_UNUSED_VARIABLE = YES;
				IPHONEOS_DEPLOYMENT_TARGET = 11.4;
				MTL_ENABLE_DEBUG_INFO = NO;
				SDKROOT = iphoneos;
				SWIFT_COMPILATION_MODE = wholemodule;
				SWIFT_OPTIMIZATION_LEVEL = "-O";
				VALIDATE_PRODUCT = YES;
			};
			name = Release;
		};
		B56F2B33221A195500D6C931 /* Debug */ = {
			isa = XCBuildConfiguration;
			buildSettings = {
				ASSETCATALOG_COMPILER_APPICON_NAME = AppIcon;
				CODE_SIGN_STYLE = Automatic;
				INFOPLIST_FILE = blueHouse/Info.plist;
				LD_RUNPATH_SEARCH_PATHS = (
					"$(inherited)",
					"@executable_path/Frameworks",
				);
				PRODUCT_BUNDLE_IDENTIFIER = com.theswiftproject.blueHouse;
				PRODUCT_NAME = "$(TARGET_NAME)";
				SWIFT_VERSION = 4.0;
				TARGETED_DEVICE_FAMILY = "1,2";
			};
			name = Debug;
		};
		B56F2B34221A195500D6C931 /* Release */ = {
			isa = XCBuildConfiguration;
			buildSettings = {
				ASSETCATALOG_COMPILER_APPICON_NAME = AppIcon;
				CODE_SIGN_STYLE = Automatic;
				INFOPLIST_FILE = blueHouse/Info.plist;
				LD_RUNPATH_SEARCH_PATHS = (
					"$(inherited)",
					"@executable_path/Frameworks",
				);
				PRODUCT_BUNDLE_IDENTIFIER = com.theswiftproject.blueHouse;
				PRODUCT_NAME = "$(TARGET_NAME)";
				SWIFT_VERSION = 4.0;
				TARGETED_DEVICE_FAMILY = "1,2";
			};
			name = Release;
		};
/* End XCBuildConfiguration section */

/* Begin XCConfigurationList section */
		B56F2B1B221A195300D6C931 /* Build configuration list for PBXProject "blueHouse" */ = {
			isa = XCConfigurationList;
			buildConfigurations = (
				B56F2B30221A195500D6C931 /* Debug */,
				B56F2B31221A195500D6C931 /* Release */,
			);
			defaultConfigurationIsVisible = 0;
			defaultConfigurationName = Release;
		};
		B56F2B32221A195500D6C931 /* Build configuration list for PBXNativeTarget "blueHouse" */ = {
			isa = XCConfigurationList;
			buildConfigurations = (
				B56F2B33221A195500D6C931 /* Debug */,
				B56F2B34221A195500D6C931 /* Release */,
			);
			defaultConfigurationIsVisible = 0;
			defaultConfigurationName = Release;
		};
/* End XCConfigurationList section */
	};
	rootObject = B56F2B18221A195300D6C931 /* Project object */;
}
